<?xml version="1.0" encoding="UTF-8"?>
<Solution>
    <Project Path="src/TreeFormatting/TreeFormatting.csproj" />
    <Project Path="benchmarks/ArenaODataUriParser.Benchmarks/ArenaODataUriParser.Benchmarks.csproj" />
    <Project Path="samples/ArenaODataUriParser.Sample.Basic/ArenaODataUriParser.Sample.Basic.csproj" />
    <Project Path="src/ArenaODataUriParser/ArenaODataUriParser.csproj" />
    <Project Path="tests/ArenaODataUriParser.Tests/ArenaODataUriParser.Tests.csproj" />
</Solution>